
Microsoft Visual Studio Solution File, Format Version 12.00
# Visual Studio Version 16
VisualStudioVersion = 16.0.31729.503
MinimumVisualStudioVersion = 10.0.40219.1
Project("{FAE04EC0-301F-11D3-BF4B-00C04F79EFBC}") = "Shopping Cart", "Shopping Cart\Shopping Cart.csproj", "{A7F13F00-52BC-42DE-8211-207BC5E7107B}"
EndProject
Global
	GlobalSection(SolutionConfigurationPlatforms) = preSolution
		Debug|Any CPU = Debug|Any CPU
		Release|Any CPU = Release|Any CPU
	EndGlobalSection
	GlobalSection(ProjectConfigurationPlatforms) = postSolution
		{A7F13F00-52BC-42DE-8211-207BC5E7107B}.Debug|Any CPU.ActiveCfg = Debug|Any CPU
		{A7F13F00-52BC-42DE-8211-207BC5E7107B}.Debug|Any CPU.Build.0 = Debug|Any CPU
		{A7F13F00-52BC-42DE-8211-207BC5E7107B}.Release|Any CPU.ActiveCfg = Release|Any CPU
		{A7F13F00-52BC-42DE-8211-207BC5E7107B}.Release|Any CPU.Build.0 = Release|Any CPU
	EndGlobalSection
	GlobalSection(SolutionProperties) = preSolution
		HideSolutionNode = FALSE
	EndGlobalSection
	GlobalSection(ExtensibilityGlobals) = postSolution
		SolutionGuid = {C4224A2F-9D8B-41EC-9727-A44D89D98E27}
	EndGlobalSection
EndGlobal
